
Microsoft Visual Studio Solution File, Format Version 12.00
# Visual Studio 15
VisualStudioVersion = 15.0.27703.2035
MinimumVisualStudioVersion = 10.0.40219.1
Project("{FAE04EC0-301F-11D3-BF4B-00C04F79EFBC}") = "Aracgaleri", "Aracgaleri\Aracgaleri.csproj", "{6965B549-413E-4AB1-ADEF-AD55EC7B3341}"
EndProject
Global
	GlobalSection(SolutionConfigurationPlatforms) = preSolution
		Debug|Any CPU = Debug|Any CPU
		Release|Any CPU = Release|Any CPU
	EndGlobalSection
	GlobalSection(ProjectConfigurationPlatforms) = postSolution
		{6965B549-413E-4AB1-ADEF-AD55EC7B3341}.Debug|Any CPU.ActiveCfg = Debug|Any CPU
		{6965B549-413E-4AB1-ADEF-AD55EC7B3341}.Debug|Any CPU.Build.0 = Debug|Any CPU
		{6965B549-413E-4AB1-ADEF-AD55EC7B3341}.Release|Any CPU.ActiveCfg = Release|Any CPU
		{6965B549-413E-4AB1-ADEF-AD55EC7B3341}.Release|Any CPU.Build.0 = Release|Any CPU
	EndGlobalSection
	GlobalSection(SolutionProperties) = preSolution
		HideSolutionNode = FALSE
	EndGlobalSection
	GlobalSection(ExtensibilityGlobals) = postSolution
		SolutionGuid = {CECCA6DF-5F49-4232-BE59-07B619177036}
	EndGlobalSection
EndGlobal
